# THIS IS AN AUTOGENERATED FILE. DO NOT EDIT THIS FILE DIRECTLY.
# yarn lockfile v1


env@^0.0.2:
  version "0.0.2"
  resolved "https://registry.yarnpkg.com/env/-/env-0.0.2.tgz#50c19f307b129a45845b6b686df5b39dd40d1cf0"
  integrity sha1-UMGfMHsSmkWEW2tobfWzndQNHPA=

prettier@^2.5.0:
  version "2.5.1"
  resolved "https://registry.yarnpkg.com/prettier/-/prettier-2.5.1.tgz#fff75fa9d519c54cf0fce328c1017d94546bc56a"
  integrity sha512-vBZcPRUR5MZJwoyi3ZoyQlc1rXeEck8KgeC9AwwOn+exuxLxq5toTRDTSaVrXHxelDMHy9zlicw8u66yxoSUFg==

reflect-metadata@^0.1.13:
  version "0.1.13"
  resolved "https://registry.yarnpkg.com/reflect-metadata/-/reflect-metadata-0.1.13.tgz#67ae3ca57c972a2aa1642b10fe363fe32d49dc08"
  integrity sha512-Ts1Y/anZELhSsjMcU605fU9RE4Oi3p5ORujwbIKXfWa+0Zxs510Qrmrce5/Jowq3cHSZSJqBjypxmHarc+vEWg==

snarkyjs@0.1.11:
  version "0.1.11"
  resolved "https://registry.yarnpkg.com/snarkyjs/-/snarkyjs-0.1.11.tgz#31ab8bf1ace7d6f561820a29734d5a63a382911b"
  integrity sha512-fXt6nVO8uL9w/ZH2y/9jN0heUEj6qpIlazt2kBewm0jeS4lCN2K0uMOUcxxjf97vKTYsKjGuEv+ZUK6xnQJZtw==
  dependencies:
    env "^0.0.2"
    reflect-metadata "^0.1.13"
    tslib "^2.3.0"

tslib@^2.3.0:
  version "2.3.1"
  resolved "https://registry.yarnpkg.com/tslib/-/tslib-2.3.1.tgz#e8a335add5ceae51aa261d32a490158ef042ef01"
  integrity sha512-77EbyPPpMz+FRFRuAFlWMtmgUWGe9UOG2Z25NqCwiIjRhOf5iKGuzSe5P2w1laq+FkRy4p+PCuVkJSGkzTEKVw==

typescript@^4.5.2:
  version "4.5.3"
  resolved "https://registry.yarnpkg.com/typescript/-/typescript-4.5.3.tgz#afaa858e68c7103317d89eb90c5d8906268d353c"
  integrity sha512-eVYaEHALSt+s9LbvgEv4Ef+Tdq7hBiIZgii12xXJnukryt3pMgJf6aKhoCZ3FWQsu6sydEnkg11fYXLzhLBjeQ==
