# THIS IS AN AUTOGENERATED FILE. DO NOT EDIT THIS FILE DIRECTLY.
# yarn lockfile v1


"@types/node@^16.11.12":
  "integrity" "sha512-+2Iggwg7PxoO5Kyhvsq9VarmPbIelXP070HMImEpbtGCoyWNINQj4wzjbQCXzdHTRXnqufutJb5KAURZANNBAw=="
  "resolved" "https://registry.npmjs.org/@types/node/-/node-16.11.12.tgz"
  "version" "16.11.12"

"env@^0.0.2":
  "integrity" "sha1-UMGfMHsSmkWEW2tobfWzndQNHPA="
  "resolved" "https://registry.npmjs.org/env/-/env-0.0.2.tgz"
  "version" "0.0.2"

"prettier@^2.5.0":
  "integrity" "sha512-FM/zAKgWTxj40rH03VxzIPdXmj39SwSjwG0heUcNFwI+EMZJnY93yAiKXM3dObIKAM5TA88werc8T/EwhB45eg=="
  "resolved" "https://registry.npmjs.org/prettier/-/prettier-2.5.0.tgz"
  "version" "2.5.0"

"reflect-metadata@^0.1.13":
  "integrity" "sha512-Ts1Y/anZELhSsjMcU605fU9RE4Oi3p5ORujwbIKXfWa+0Zxs510Qrmrce5/Jowq3cHSZSJqBjypxmHarc+vEWg=="
  "resolved" "https://registry.npmjs.org/reflect-metadata/-/reflect-metadata-0.1.13.tgz"
  "version" "0.1.13"

"snarkyjs@0.1.10":
  "integrity" "sha512-4sdX4Vimy/oMCc6Z3U7HVCLfs/OQiXsGT/0kpbghJ+ZQJ+jBGpB8Y/Kyud9s/hl+zQcBUUK/riz5XolSJ0QirA=="
  "resolved" "https://registry.npmjs.org/snarkyjs/-/snarkyjs-0.1.10.tgz"
  "version" "0.1.10"
  dependencies:
    "env" "^0.0.2"
    "reflect-metadata" "^0.1.13"
    "tslib" "^2.3.0"

"tslib@^2.3.0":
  "integrity" "sha512-77EbyPPpMz+FRFRuAFlWMtmgUWGe9UOG2Z25NqCwiIjRhOf5iKGuzSe5P2w1laq+FkRy4p+PCuVkJSGkzTEKVw=="
  "resolved" "https://registry.npmjs.org/tslib/-/tslib-2.3.1.tgz"
  "version" "2.3.1"

"typescript@^4.5.2":
  "integrity" "sha512-5BlMof9H1yGt0P8/WF+wPNw6GfctgGjXp5hkblpyT+8rkASSmkUKMXrxR0Xg8ThVCi/JnHQiKXeBaEwCeQwMFw=="
  "resolved" "https://registry.npmjs.org/typescript/-/typescript-4.5.2.tgz"
  "version" "4.5.2"
